
Microsoft Visual Studio Solution File, Format Version 12.00
# Visual Studio 15
VisualStudioVersion = 15.0.28307.645
MinimumVisualStudioVersion = 10.0.40219.1
Project("{FAE04EC0-301F-11D3-BF4B-00C04F79EFBC}") = "Not_Bankası", "Not_Bankası\Not_Bankası.csproj", "{C326F51F-A701-422C-91F3-2817113F5CB0}"
EndProject
Global
	GlobalSection(SolutionConfigurationPlatforms) = preSolution
		Debug|Any CPU = Debug|Any CPU
		Release|Any CPU = Release|Any CPU
	EndGlobalSection
	GlobalSection(ProjectConfigurationPlatforms) = postSolution
		{C326F51F-A701-422C-91F3-2817113F5CB0}.Debug|Any CPU.ActiveCfg = Debug|Any CPU
		{C326F51F-A701-422C-91F3-2817113F5CB0}.Debug|Any CPU.Build.0 = Debug|Any CPU
		{C326F51F-A701-422C-91F3-2817113F5CB0}.Release|Any CPU.ActiveCfg = Release|Any CPU
		{C326F51F-A701-422C-91F3-2817113F5CB0}.Release|Any CPU.Build.0 = Release|Any CPU
	EndGlobalSection
	GlobalSection(SolutionProperties) = preSolution
		HideSolutionNode = FALSE
	EndGlobalSection
	GlobalSection(ExtensibilityGlobals) = postSolution
		SolutionGuid = {66EFAD0F-891F-4C11-A9FF-7847666F789F}
	EndGlobalSection
EndGlobal
